
Microsoft Visual Studio Solution File, Format Version 12.00
# Visual Studio Version 17
VisualStudioVersion = 17.6.33829.357
MinimumVisualStudioVersion = 10.0.40219.1
Project("{FAE04EC0-301F-11D3-BF4B-00C04F79EFBC}") = "MyTelegramChatGPT", "MyTelegramChatGPT.csproj", "{CC1507BA-80AB-444A-B4CE-61B63C4D7DE6}"
EndProject
Global
	GlobalSection(SolutionConfigurationPlatforms) = preSolution
		Debug|Any CPU = Debug|Any CPU
		Release|Any CPU = Release|Any CPU
	EndGlobalSection
	GlobalSection(ProjectConfigurationPlatforms) = postSolution
		{CC1507BA-80AB-444A-B4CE-61B63C4D7DE6}.Debug|Any CPU.ActiveCfg = Debug|Any CPU
		{CC1507BA-80AB-444A-B4CE-61B63C4D7DE6}.Debug|Any CPU.Build.0 = Debug|Any CPU
		{CC1507BA-80AB-444A-B4CE-61B63C4D7DE6}.Release|Any CPU.ActiveCfg = Release|Any CPU
		{CC1507BA-80AB-444A-B4CE-61B63C4D7DE6}.Release|Any CPU.Build.0 = Release|Any CPU
	EndGlobalSection
	GlobalSection(SolutionProperties) = preSolution
		HideSolutionNode = FALSE
	EndGlobalSection
	GlobalSection(ExtensibilityGlobals) = postSolution
		SolutionGuid = {AEE06D92-B9F3-4279-806E-20845CD77970}
	EndGlobalSection
EndGlobal
